
Microsoft Visual Studio Solution File, Format Version 12.00
# Visual Studio 14
VisualStudioVersion = 14.0.25420.1
MinimumVisualStudioVersion = 10.0.40219.1
Project("{FAE04EC0-301F-11D3-BF4B-00C04F79EFBC}") = "_Libraria", "Libraria\_Libraria.csproj", "{61B3FDD4-0D3F-463A-B045-D5CA4397AF7F}"
EndProject
Project("{D954291E-2A0B-460D-934E-DC6B0785DB48}") = "Libraria.Serialization", "LibSerialization\Libraria.Serialization.shproj", "{7983364E-188D-4F59-93CE-34BFC46EB2DF}"
EndProject
Project("{D954291E-2A0B-460D-934E-DC6B0785DB48}") = "Libraria.Net", "Libraria.Net\Libraria.Net.shproj", "{056703DB-B153-449E-AFC1-91F5A2E6D1F2}"
EndProject
Project("{2150E333-8FDC-42A3-9474-1A3956D46DE8}") = "Solution Items", "Solution Items", "{E759555B-9CD0-407C-A018-FFE1D99FCDBC}"
	ProjectSection(SolutionItems) = preProject
		Rebracer.xml = Rebracer.xml
	EndProjectSection
EndProject
Project("{D954291E-2A0B-460D-934E-DC6B0785DB48}") = "Libraria.Text", "System.Text\Libraria.Text.shproj", "{E3E83306-C106-4407-8553-4842CD12611C}"
EndProject
Project("{D954291E-2A0B-460D-934E-DC6B0785DB48}") = "Libraria.Timing", "Libraria.Timing\Libraria.Timing.shproj", "{A4F8716B-0270-434F-AF0B-48218D837AE3}"
EndProject
Project("{D954291E-2A0B-460D-934E-DC6B0785DB48}") = "Libraria", "LibrariaShared\Libraria.shproj", "{99332A23-0360-472B-B311-7DA8705486AA}"
EndProject
Project("{FAE04EC0-301F-11D3-BF4B-00C04F79EFBC}") = "_LibrariaLite", "LibrariaLite\_LibrariaLite.csproj", "{8F48F330-0845-4C88-BFDB-A78A7D684609}"
EndProject
Project("{D954291E-2A0B-460D-934E-DC6B0785DB48}") = "Libraria.Rendering", "Libraria.Rendering\Libraria.Rendering.shproj", "{BA38D370-64C0-4F7E-BD6A-387B63082175}"
EndProject
Project("{D954291E-2A0B-460D-934E-DC6B0785DB48}") = "Libraria.Reflection", "Libraria.Reflection\Libraria.Reflection.shproj", "{E6A51E73-A70B-47BC-9FEE-52110848208F}"
EndProject
Project("{D954291E-2A0B-460D-934E-DC6B0785DB48}") = "Libraria.IO", "Libraria.IO\Libraria.IO.shproj", "{C6FCD7A6-DF52-410C-8268-7FA94083C7E9}"
EndProject
Project("{D954291E-2A0B-460D-934E-DC6B0785DB48}") = "Libraria.Physics", "Libraria.Physics\Libraria.Physics.shproj", "{16E24D64-2ED1-407A-AFF4-5AA00E051E35}"
EndProject
Project("{D954291E-2A0B-460D-934E-DC6B0785DB48}") = "Libraria.Hacks", "Libraria.Hacks\Libraria.Hacks.shproj", "{7FDE4D3F-106E-4389-90B1-9950EA6DD8DC}"
EndProject
Project("{FAE04EC0-301F-11D3-BF4B-00C04F79EFBC}") = "Test", "Test\Test.csproj", "{B378557B-9AAF-463E-AFFE-ED217DA106EF}"
EndProject
Project("{D954291E-2A0B-460D-934E-DC6B0785DB48}") = "Libraria.Security", "Libraria.Security\Libraria.Security.shproj", "{4DC1C735-7612-434C-8C2D-7799EB8ABD9E}"
EndProject
Project("{D954291E-2A0B-460D-934E-DC6B0785DB48}") = "Libraria.Native", "Libraria.Native\Libraria.Native.shproj", "{1F023340-8CE2-4BEC-B2AE-290901E35C32}"
EndProject
Project("{D954291E-2A0B-460D-934E-DC6B0785DB48}") = "Libraria.Maths", "Maths\Libraria.Maths.shproj", "{7AF4224B-9F67-47D2-9877-4EBD219670BC}"
EndProject
Project("{FAE04EC0-301F-11D3-BF4B-00C04F79EFBC}") = "LibTech", "LibTech\LibTech.csproj", "{B896F669-6633-4D2A-AD52-7DB46DC711E5}"
EndProject
Project("{2150E333-8FDC-42A3-9474-1A3956D46DE8}") = "testgame", "testgame", "{D7DC3130-7DFF-4BB0-ADF7-CA16A00117EA}"
EndProject
Project("{FAE04EC0-301F-11D3-BF4B-00C04F79EFBC}") = "Server", "Server\Server.csproj", "{4DB28F85-584B-4E0B-87B2-8D1857D67C88}"
EndProject
Project("{FAE04EC0-301F-11D3-BF4B-00C04F79EFBC}") = "Client", "Client\Client.csproj", "{8DFA543E-3291-4BC7-8529-CFE1A0351C51}"
EndProject
Project("{FAE04EC0-301F-11D3-BF4B-00C04F79EFBC}") = "UI", "UI\UI.csproj", "{187C1428-ECCC-49A2-854F-8BBE315DD92C}"
EndProject
Project("{D954291E-2A0B-460D-934E-DC6B0785DB48}") = "Shared", "Shared\Shared.shproj", "{503D9627-893D-4586-81B6-5AD614E1426F}"
EndProject
Global
	GlobalSection(SharedMSBuildProjectFiles) = preSolution
		Libraria.Net\Libraria.Net.projitems*{056703db-b153-449e-afc1-91f5a2e6d1f2}*SharedItemsImports = 13
		Libraria.Physics\Libraria.Physics.projitems*{16e24d64-2ed1-407a-aff4-5aa00e051e35}*SharedItemsImports = 13
		Shared\Shared.projitems*{187c1428-eccc-49a2-854f-8bbe315dd92c}*SharedItemsImports = 4
		Libraria.Native\Libraria.Native.projitems*{1f023340-8ce2-4bec-b2ae-290901e35c32}*SharedItemsImports = 13
		Shared\Shared.projitems*{4db28f85-584b-4e0b-87b2-8d1857d67c88}*SharedItemsImports = 4
		Libraria.Security\Libraria.Security.projitems*{4dc1c735-7612-434c-8c2d-7799eb8abd9e}*SharedItemsImports = 13
		Shared\Shared.projitems*{503d9627-893d-4586-81b6-5ad614e1426f}*SharedItemsImports = 13
		Libraria.Hacks\Libraria.Hacks.projitems*{61b3fdd4-0d3f-463a-b045-d5ca4397af7f}*SharedItemsImports = 4
		Libraria.IO\Libraria.IO.projitems*{61b3fdd4-0d3f-463a-b045-d5ca4397af7f}*SharedItemsImports = 4
		Libraria.Native\Libraria.Native.projitems*{61b3fdd4-0d3f-463a-b045-d5ca4397af7f}*SharedItemsImports = 4
		Libraria.Net\Libraria.Net.projitems*{61b3fdd4-0d3f-463a-b045-d5ca4397af7f}*SharedItemsImports = 4
		Libraria.Physics\Libraria.Physics.projitems*{61b3fdd4-0d3f-463a-b045-d5ca4397af7f}*SharedItemsImports = 4
		Libraria.Reflection\Libraria.Reflection.projitems*{61b3fdd4-0d3f-463a-b045-d5ca4397af7f}*SharedItemsImports = 4
		Libraria.Rendering\Libraria.Rendering.projitems*{61b3fdd4-0d3f-463a-b045-d5ca4397af7f}*SharedItemsImports = 4
		Libraria.Security\Libraria.Security.projitems*{61b3fdd4-0d3f-463a-b045-d5ca4397af7f}*SharedItemsImports = 4
		Libraria.Timing\Libraria.Timing.projitems*{61b3fdd4-0d3f-463a-b045-d5ca4397af7f}*SharedItemsImports = 4
		LibrariaShared\LibrariaShared.projitems*{61b3fdd4-0d3f-463a-b045-d5ca4397af7f}*SharedItemsImports = 4
		LibSerialization\LibSerialization.projitems*{61b3fdd4-0d3f-463a-b045-d5ca4397af7f}*SharedItemsImports = 4
		Maths\Maths.projitems*{61b3fdd4-0d3f-463a-b045-d5ca4397af7f}*SharedItemsImports = 4
		System.Text\System.Text.projitems*{61b3fdd4-0d3f-463a-b045-d5ca4397af7f}*SharedItemsImports = 4
		LibSerialization\LibSerialization.projitems*{7983364e-188d-4f59-93ce-34bfc46eb2df}*SharedItemsImports = 13
		Maths\Maths.projitems*{7af4224b-9f67-47d2-9877-4ebd219670bc}*SharedItemsImports = 13
		Libraria.Hacks\Libraria.Hacks.projitems*{7fde4d3f-106e-4389-90b1-9950ea6dd8dc}*SharedItemsImports = 13
		Shared\Shared.projitems*{8dfa543e-3291-4bc7-8529-cfe1a0351c51}*SharedItemsImports = 4
		Libraria.Hacks\Libraria.Hacks.projitems*{8f48f330-0845-4c88-bfdb-a78a7d684609}*SharedItemsImports = 4
		Libraria.IO\Libraria.IO.projitems*{8f48f330-0845-4c88-bfdb-a78a7d684609}*SharedItemsImports = 4
		Libraria.Native\Libraria.Native.projitems*{8f48f330-0845-4c88-bfdb-a78a7d684609}*SharedItemsImports = 4
		Libraria.Net\Libraria.Net.projitems*{8f48f330-0845-4c88-bfdb-a78a7d684609}*SharedItemsImports = 4
		Libraria.Physics\Libraria.Physics.projitems*{8f48f330-0845-4c88-bfdb-a78a7d684609}*SharedItemsImports = 4
		Libraria.Reflection\Libraria.Reflection.projitems*{8f48f330-0845-4c88-bfdb-a78a7d684609}*SharedItemsImports = 4
		Libraria.Security\Libraria.Security.projitems*{8f48f330-0845-4c88-bfdb-a78a7d684609}*SharedItemsImports = 4
		Libraria.Timing\Libraria.Timing.projitems*{8f48f330-0845-4c88-bfdb-a78a7d684609}*SharedItemsImports = 4
		LibrariaShared\LibrariaShared.projitems*{8f48f330-0845-4c88-bfdb-a78a7d684609}*SharedItemsImports = 4
		LibSerialization\LibSerialization.projitems*{8f48f330-0845-4c88-bfdb-a78a7d684609}*SharedItemsImports = 4
		Maths\Maths.projitems*{8f48f330-0845-4c88-bfdb-a78a7d684609}*SharedItemsImports = 4
		System.Text\System.Text.projitems*{8f48f330-0845-4c88-bfdb-a78a7d684609}*SharedItemsImports = 4
		LibrariaShared\LibrariaShared.projitems*{99332a23-0360-472b-b311-7da8705486aa}*SharedItemsImports = 13
		Libraria.Timing\Libraria.Timing.projitems*{a4f8716b-0270-434f-af0b-48218d837ae3}*SharedItemsImports = 13
		Libraria.Rendering\Libraria.Rendering.projitems*{ba38d370-64c0-4f7e-bd6a-387b63082175}*SharedItemsImports = 13
		Libraria.IO\Libraria.IO.projitems*{c6fcd7a6-df52-410c-8268-7fa94083c7e9}*SharedItemsImports = 13
		System.Text\System.Text.projitems*{e3e83306-c106-4407-8553-4842cd12611c}*SharedItemsImports = 13
		Libraria.Reflection\Libraria.Reflection.projitems*{e6a51e73-a70b-47bc-9fee-52110848208f}*SharedItemsImports = 13
	EndGlobalSection
	GlobalSection(SolutionConfigurationPlatforms) = preSolution
		Debug|Any CPU = Debug|Any CPU
		Release|Any CPU = Release|Any CPU
	EndGlobalSection
	GlobalSection(ProjectConfigurationPlatforms) = postSolution
		{61B3FDD4-0D3F-463A-B045-D5CA4397AF7F}.Debug|Any CPU.ActiveCfg = Debug|Any CPU
		{61B3FDD4-0D3F-463A-B045-D5CA4397AF7F}.Debug|Any CPU.Build.0 = Debug|Any CPU
		{61B3FDD4-0D3F-463A-B045-D5CA4397AF7F}.Release|Any CPU.ActiveCfg = Release|Any CPU
		{61B3FDD4-0D3F-463A-B045-D5CA4397AF7F}.Release|Any CPU.Build.0 = Release|Any CPU
		{8F48F330-0845-4C88-BFDB-A78A7D684609}.Debug|Any CPU.ActiveCfg = Debug|Any CPU
		{8F48F330-0845-4C88-BFDB-A78A7D684609}.Debug|Any CPU.Build.0 = Debug|Any CPU
		{8F48F330-0845-4C88-BFDB-A78A7D684609}.Release|Any CPU.ActiveCfg = Release|Any CPU
		{8F48F330-0845-4C88-BFDB-A78A7D684609}.Release|Any CPU.Build.0 = Release|Any CPU
		{B378557B-9AAF-463E-AFFE-ED217DA106EF}.Debug|Any CPU.ActiveCfg = Debug|Any CPU
		{B378557B-9AAF-463E-AFFE-ED217DA106EF}.Debug|Any CPU.Build.0 = Debug|Any CPU
		{B378557B-9AAF-463E-AFFE-ED217DA106EF}.Release|Any CPU.ActiveCfg = Release|Any CPU
		{B378557B-9AAF-463E-AFFE-ED217DA106EF}.Release|Any CPU.Build.0 = Release|Any CPU
		{B896F669-6633-4D2A-AD52-7DB46DC711E5}.Debug|Any CPU.ActiveCfg = Debug|Any CPU
		{B896F669-6633-4D2A-AD52-7DB46DC711E5}.Debug|Any CPU.Build.0 = Debug|Any CPU
		{B896F669-6633-4D2A-AD52-7DB46DC711E5}.Release|Any CPU.ActiveCfg = Release|Any CPU
		{B896F669-6633-4D2A-AD52-7DB46DC711E5}.Release|Any CPU.Build.0 = Release|Any CPU
		{4DB28F85-584B-4E0B-87B2-8D1857D67C88}.Debug|Any CPU.ActiveCfg = Debug|Any CPU
		{4DB28F85-584B-4E0B-87B2-8D1857D67C88}.Debug|Any CPU.Build.0 = Debug|Any CPU
		{4DB28F85-584B-4E0B-87B2-8D1857D67C88}.Release|Any CPU.ActiveCfg = Release|Any CPU
		{4DB28F85-584B-4E0B-87B2-8D1857D67C88}.Release|Any CPU.Build.0 = Release|Any CPU
		{8DFA543E-3291-4BC7-8529-CFE1A0351C51}.Debug|Any CPU.ActiveCfg = Debug|Any CPU
		{8DFA543E-3291-4BC7-8529-CFE1A0351C51}.Debug|Any CPU.Build.0 = Debug|Any CPU
		{8DFA543E-3291-4BC7-8529-CFE1A0351C51}.Release|Any CPU.ActiveCfg = Release|Any CPU
		{8DFA543E-3291-4BC7-8529-CFE1A0351C51}.Release|Any CPU.Build.0 = Release|Any CPU
		{187C1428-ECCC-49A2-854F-8BBE315DD92C}.Debug|Any CPU.ActiveCfg = Debug|Any CPU
		{187C1428-ECCC-49A2-854F-8BBE315DD92C}.Debug|Any CPU.Build.0 = Debug|Any CPU
		{187C1428-ECCC-49A2-854F-8BBE315DD92C}.Release|Any CPU.ActiveCfg = Release|Any CPU
		{187C1428-ECCC-49A2-854F-8BBE315DD92C}.Release|Any CPU.Build.0 = Release|Any CPU
	EndGlobalSection
	GlobalSection(SolutionProperties) = preSolution
		HideSolutionNode = FALSE
	EndGlobalSection
	GlobalSection(NestedProjects) = preSolution
		{4DB28F85-584B-4E0B-87B2-8D1857D67C88} = {D7DC3130-7DFF-4BB0-ADF7-CA16A00117EA}
		{8DFA543E-3291-4BC7-8529-CFE1A0351C51} = {D7DC3130-7DFF-4BB0-ADF7-CA16A00117EA}
		{187C1428-ECCC-49A2-854F-8BBE315DD92C} = {D7DC3130-7DFF-4BB0-ADF7-CA16A00117EA}
		{503D9627-893D-4586-81B6-5AD614E1426F} = {D7DC3130-7DFF-4BB0-ADF7-CA16A00117EA}
	EndGlobalSection
EndGlobal
